
Microsoft Visual Studio Solution File, Format Version 12.00
# Visual Studio Version 17
VisualStudioVersion = 17.5.33424.131
MinimumVisualStudioVersion = 10.0.40219.1
Project("{FAE04EC0-301F-11D3-BF4B-00C04F79EFBC}") = "QuadraticFunction", "EX1_QuadraticFunction\QuadraticFunction.csproj", "{FAD919DE-D0F4-4BFB-9E1D-9C68D9A38531}"
EndProject
Project("{2150E333-8FDC-42A3-9474-1A3956D46DE8}") = "EX_1", "EX_1", "{B2AC18AF-1384-4B5A-943D-587CCD13CE9E}"
EndProject
Project("{FAE04EC0-301F-11D3-BF4B-00C04F79EFBC}") = "TestQuadraticFunction", "Test.QuadraticFunction\TestQuadraticFunction.csproj", "{AFB1AEC4-87C7-42A7-859C-7C25E676A438}"
EndProject
Project("{2150E333-8FDC-42A3-9474-1A3956D46DE8}") = "EX_2", "EX_2", "{B425E86C-BA81-43BA-9369-CF77DF29A1FC}"
EndProject
Project("{FAE04EC0-301F-11D3-BF4B-00C04F79EFBC}") = "SpaceShipProject", "SpaceShipProject\SpaceShipProject.csproj", "{B4FB1F4A-4693-43A8-B2E9-6044EA453A5C}"
EndProject
Project("{2150E333-8FDC-42A3-9474-1A3956D46DE8}") = "Test", "Test", "{DE4ED44E-610E-4AD5-848B-43FFFB6ED580}"
EndProject
Project("{FAE04EC0-301F-11D3-BF4B-00C04F79EFBC}") = "TestSpaceShipProject", "TestSpaceShipProject\TestSpaceShipProject.csproj", "{CBAD262B-7FC7-41B1-A4C8-26B2117B4EE3}"
EndProject
Project("{2150E333-8FDC-42A3-9474-1A3956D46DE8}") = "EX_5", "EX_5", "{A098746A-A688-4CDB-8498-D80D938F45EF}"
EndProject
Project("{FAE04EC0-301F-11D3-BF4B-00C04F79EFBC}") = "ExpandableFactory", "ExpandableFactory\ExpandableFactory.csproj", "{D3E656BE-7E76-49F3-9975-DFDC6217842D}"
EndProject
Project("{FAE04EC0-301F-11D3-BF4B-00C04F79EFBC}") = "ExpandableFactoryTest", "ExpandableFactoryTest\ExpandableFactoryTest.csproj", "{727804AA-A0DE-446F-824A-F98EED13AB71}"
EndProject
Project("{2150E333-8FDC-42A3-9474-1A3956D46DE8}") = "EX_12", "EX_12", "{B726E71B-4C93-4CC7-80F3-A25815F6FF90}"
EndProject
Project("{FAE04EC0-301F-11D3-BF4B-00C04F79EFBC}") = "AdapterBridge", "AdapterBridge\AdapterBridge.csproj", "{2271A275-C5D8-443E-93D1-355BA300BB36}"
EndProject
Project("{FAE04EC0-301F-11D3-BF4B-00C04F79EFBC}") = "AdapterBridgeTest", "AdapterBridgeTest\AdapterBridgeTest.csproj", "{FFBA338B-890F-441F-A745-47B33A804E1F}"
EndProject
Project("{2150E333-8FDC-42A3-9474-1A3956D46DE8}") = "Solution Items", "Solution Items", "{161656AE-7D86-4FCA-8553-6524AAFB84AF}"
	ProjectSection(SolutionItems) = preProject
		.editorconfig = .editorconfig
	EndProjectSection
EndProject
Project("{2150E333-8FDC-42A3-9474-1A3956D46DE8}") = "EX_14", "EX_14", "{BD406C99-B0F7-4E9E-B217-CB958C9FAAC1}"
EndProject
Project("{FAE04EC0-301F-11D3-BF4B-00C04F79EFBC}") = "TheProblemOfVerticalScalingAndSynchronization", "TheProblemOfVerticalScalingAndSynchronization\TheProblemOfVerticalScalingAndSynchronization.csproj", "{D4839F50-4F99-4EAC-B5D3-4B061D50C7B1}"
EndProject
Project("{FAE04EC0-301F-11D3-BF4B-00C04F79EFBC}") = "TheProblemOfVerticalScalingAndSynchronizationTest", "TheProblemOfVerticalScalingAndSynchronizationTest\TheProblemOfVerticalScalingAndSynchronizationTest.csproj", "{6C3EC38A-60CB-4335-9EA4-BA886852255B}"
EndProject
Global
	GlobalSection(SolutionConfigurationPlatforms) = preSolution
		Debug|Any CPU = Debug|Any CPU
		Release|Any CPU = Release|Any CPU
	EndGlobalSection
	GlobalSection(ProjectConfigurationPlatforms) = postSolution
		{FAD919DE-D0F4-4BFB-9E1D-9C68D9A38531}.Debug|Any CPU.ActiveCfg = Debug|Any CPU
		{FAD919DE-D0F4-4BFB-9E1D-9C68D9A38531}.Debug|Any CPU.Build.0 = Debug|Any CPU
		{FAD919DE-D0F4-4BFB-9E1D-9C68D9A38531}.Release|Any CPU.ActiveCfg = Release|Any CPU
		{FAD919DE-D0F4-4BFB-9E1D-9C68D9A38531}.Release|Any CPU.Build.0 = Release|Any CPU
		{AFB1AEC4-87C7-42A7-859C-7C25E676A438}.Debug|Any CPU.ActiveCfg = Debug|Any CPU
		{AFB1AEC4-87C7-42A7-859C-7C25E676A438}.Debug|Any CPU.Build.0 = Debug|Any CPU
		{AFB1AEC4-87C7-42A7-859C-7C25E676A438}.Release|Any CPU.ActiveCfg = Release|Any CPU
		{AFB1AEC4-87C7-42A7-859C-7C25E676A438}.Release|Any CPU.Build.0 = Release|Any CPU
		{B4FB1F4A-4693-43A8-B2E9-6044EA453A5C}.Debug|Any CPU.ActiveCfg = Debug|Any CPU
		{B4FB1F4A-4693-43A8-B2E9-6044EA453A5C}.Debug|Any CPU.Build.0 = Debug|Any CPU
		{B4FB1F4A-4693-43A8-B2E9-6044EA453A5C}.Release|Any CPU.ActiveCfg = Release|Any CPU
		{B4FB1F4A-4693-43A8-B2E9-6044EA453A5C}.Release|Any CPU.Build.0 = Release|Any CPU
		{CBAD262B-7FC7-41B1-A4C8-26B2117B4EE3}.Debug|Any CPU.ActiveCfg = Debug|Any CPU
		{CBAD262B-7FC7-41B1-A4C8-26B2117B4EE3}.Debug|Any CPU.Build.0 = Debug|Any CPU
		{CBAD262B-7FC7-41B1-A4C8-26B2117B4EE3}.Release|Any CPU.ActiveCfg = Release|Any CPU
		{CBAD262B-7FC7-41B1-A4C8-26B2117B4EE3}.Release|Any CPU.Build.0 = Release|Any CPU
		{D3E656BE-7E76-49F3-9975-DFDC6217842D}.Debug|Any CPU.ActiveCfg = Debug|Any CPU
		{D3E656BE-7E76-49F3-9975-DFDC6217842D}.Debug|Any CPU.Build.0 = Debug|Any CPU
		{D3E656BE-7E76-49F3-9975-DFDC6217842D}.Release|Any CPU.ActiveCfg = Release|Any CPU
		{D3E656BE-7E76-49F3-9975-DFDC6217842D}.Release|Any CPU.Build.0 = Release|Any CPU
		{727804AA-A0DE-446F-824A-F98EED13AB71}.Debug|Any CPU.ActiveCfg = Debug|Any CPU
		{727804AA-A0DE-446F-824A-F98EED13AB71}.Debug|Any CPU.Build.0 = Debug|Any CPU
		{727804AA-A0DE-446F-824A-F98EED13AB71}.Release|Any CPU.ActiveCfg = Release|Any CPU
		{727804AA-A0DE-446F-824A-F98EED13AB71}.Release|Any CPU.Build.0 = Release|Any CPU
		{2271A275-C5D8-443E-93D1-355BA300BB36}.Debug|Any CPU.ActiveCfg = Debug|Any CPU
		{2271A275-C5D8-443E-93D1-355BA300BB36}.Debug|Any CPU.Build.0 = Debug|Any CPU
		{2271A275-C5D8-443E-93D1-355BA300BB36}.Release|Any CPU.ActiveCfg = Release|Any CPU
		{2271A275-C5D8-443E-93D1-355BA300BB36}.Release|Any CPU.Build.0 = Release|Any CPU
		{FFBA338B-890F-441F-A745-47B33A804E1F}.Debug|Any CPU.ActiveCfg = Debug|Any CPU
		{FFBA338B-890F-441F-A745-47B33A804E1F}.Debug|Any CPU.Build.0 = Debug|Any CPU
		{FFBA338B-890F-441F-A745-47B33A804E1F}.Release|Any CPU.ActiveCfg = Release|Any CPU
		{FFBA338B-890F-441F-A745-47B33A804E1F}.Release|Any CPU.Build.0 = Release|Any CPU
		{D4839F50-4F99-4EAC-B5D3-4B061D50C7B1}.Debug|Any CPU.ActiveCfg = Debug|Any CPU
		{D4839F50-4F99-4EAC-B5D3-4B061D50C7B1}.Debug|Any CPU.Build.0 = Debug|Any CPU
		{D4839F50-4F99-4EAC-B5D3-4B061D50C7B1}.Release|Any CPU.ActiveCfg = Release|Any CPU
		{D4839F50-4F99-4EAC-B5D3-4B061D50C7B1}.Release|Any CPU.Build.0 = Release|Any CPU
		{6C3EC38A-60CB-4335-9EA4-BA886852255B}.Debug|Any CPU.ActiveCfg = Debug|Any CPU
		{6C3EC38A-60CB-4335-9EA4-BA886852255B}.Debug|Any CPU.Build.0 = Debug|Any CPU
		{6C3EC38A-60CB-4335-9EA4-BA886852255B}.Release|Any CPU.ActiveCfg = Release|Any CPU
		{6C3EC38A-60CB-4335-9EA4-BA886852255B}.Release|Any CPU.Build.0 = Release|Any CPU
	EndGlobalSection
	GlobalSection(SolutionProperties) = preSolution
		HideSolutionNode = FALSE
	EndGlobalSection
	GlobalSection(NestedProjects) = preSolution
		{FAD919DE-D0F4-4BFB-9E1D-9C68D9A38531} = {B2AC18AF-1384-4B5A-943D-587CCD13CE9E}
		{AFB1AEC4-87C7-42A7-859C-7C25E676A438} = {B2AC18AF-1384-4B5A-943D-587CCD13CE9E}
		{B4FB1F4A-4693-43A8-B2E9-6044EA453A5C} = {B425E86C-BA81-43BA-9369-CF77DF29A1FC}
		{DE4ED44E-610E-4AD5-848B-43FFFB6ED580} = {B425E86C-BA81-43BA-9369-CF77DF29A1FC}
		{CBAD262B-7FC7-41B1-A4C8-26B2117B4EE3} = {DE4ED44E-610E-4AD5-848B-43FFFB6ED580}
		{D3E656BE-7E76-49F3-9975-DFDC6217842D} = {A098746A-A688-4CDB-8498-D80D938F45EF}
		{727804AA-A0DE-446F-824A-F98EED13AB71} = {A098746A-A688-4CDB-8498-D80D938F45EF}
		{2271A275-C5D8-443E-93D1-355BA300BB36} = {B726E71B-4C93-4CC7-80F3-A25815F6FF90}
		{FFBA338B-890F-441F-A745-47B33A804E1F} = {B726E71B-4C93-4CC7-80F3-A25815F6FF90}
		{D4839F50-4F99-4EAC-B5D3-4B061D50C7B1} = {BD406C99-B0F7-4E9E-B217-CB958C9FAAC1}
		{6C3EC38A-60CB-4335-9EA4-BA886852255B} = {BD406C99-B0F7-4E9E-B217-CB958C9FAAC1}
	EndGlobalSection
	GlobalSection(ExtensibilityGlobals) = postSolution
		SolutionGuid = {6C3DAF58-AD1D-4FA1-9601-CC5C360A2FB4}
	EndGlobalSection
EndGlobal
